{
  "name": "loginReg",
  "lockfileVersion": 2,
  "requires": true,
  "packages": {
    "": {
      "dependencies": {
        "vue-country-intl": "^1.1.4"
      }
    },
    "node_modules/vue-country-intl": {
      "version": "1.1.4",
      "resolved": "https://registry.npmjs.org/vue-country-intl/-/vue-country-intl-1.1.4.tgz",
      "integrity": "sha512-bsbj16z1nK/dkQdsgqe3ToZmNUEQo6++neRNR+XCgg1lJZr7sngp3dJDeBXLR/DJ/+ZMC/jegyIZGeHP5V+dNg=="
    }
  },
  "dependencies": {
    "vue-country-intl": {
      "version": "1.1.4",
      "resolved": "https://registry.npmjs.org/vue-country-intl/-/vue-country-intl-1.1.4.tgz",
      "integrity": "sha512-bsbj16z1nK/dkQdsgqe3ToZmNUEQo6++neRNR+XCgg1lJZr7sngp3dJDeBXLR/DJ/+ZMC/jegyIZGeHP5V+dNg=="
    }
  }
}
